// !$*UTF8*$!
{
	archiveVersion = 1;
	classes = {
	};
	objectVersion = 56;
	objects = {

/* Begin PBXBuildFile section */
		049589AE2D74410D004BF4E0 /* AppDelegate.swift in Sources */ = {isa = PBXBuildFile; fileRef = 049589AD2D74410D004BF4E0 /* AppDelegate.swift */; };
		049589B02D74410D004BF4E0 /* SceneDelegate.swift in Sources */ = {isa = PBXBuildFile; fileRef = 049589AF2D74410D004BF4E0 /* SceneDelegate.swift */; };
		049589B52D74410D004BF4E0 /* Main.storyboard in Resources */ = {isa = PBXBuildFile; fileRef = 049589B32D74410D004BF4E0 /* Main.storyboard */; };
		049589B72D74410F004BF4E0 /* Assets.xcassets in Resources */ = {isa = PBXBuildFile; fileRef = 049589B62D74410F004BF4E0 /* Assets.xcassets */; };
		049589BA2D74410F004BF4E0 /* LaunchScreen.storyboard in Resources */ = {isa = PBXBuildFile; fileRef = 049589B82D74410F004BF4E0 /* LaunchScreen.storyboard */; };
		049589C42D744188004BF4E0 /* ContactsVC.swift in Sources */ = {isa = PBXBuildFile; fileRef = 049589C32D744188004BF4E0 /* ContactsVC.swift */; };
		049589C62D7441BE004BF4E0 /* FavoritesVC.swift in Sources */ = {isa = PBXBuildFile; fileRef = 049589C52D7441BE004BF4E0 /* FavoritesVC.swift */; };
		049589CA2D74450E004BF4E0 /* Contact.swift in Sources */ = {isa = PBXBuildFile; fileRef = 049589C92D74450E004BF4E0 /* Contact.swift */; };
		049589CD2D7445BF004BF4E0 /* NetworkManager.swift in Sources */ = {isa = PBXBuildFile; fileRef = 049589CC2D7445BF004BF4E0 /* NetworkManager.swift */; };
		049589CF2D7455B4004BF4E0 /* AddContactVC.swift in Sources */ = {isa = PBXBuildFile; fileRef = 049589CE2D7455B4004BF4E0 /* AddContactVC.swift */; };
/* End PBXBuildFile section */

/* Begin PBXFileReference section */
		049589AA2D74410D004BF4E0 /* Task1.app */ = {isa = PBXFileReference; explicitFileType = wrapper.application; includeInIndex = 0; path = Task1.app; sourceTree = BUILT_PRODUCTS_DIR; };
		049589AD2D74410D004BF4E0 /* AppDelegate.swift */ = {isa = PBXFileReference; lastKnownFileType = sourcecode.swift; path = AppDelegate.swift; sourceTree = "<group>"; };
		049589AF2D74410D004BF4E0 /* SceneDelegate.swift */ = {isa = PBXFileReference; lastKnownFileType = sourcecode.swift; path = SceneDelegate.swift; sourceTree = "<group>"; };
		049589B42D74410D004BF4E0 /* Base */ = {isa = PBXFileReference; lastKnownFileType = file.storyboard; name = Base; path = Base.lproj/Main.storyboard; sourceTree = "<group>"; };
		049589B62D74410F004BF4E0 /* Assets.xcassets */ = {isa = PBXFileReference; lastKnownFileType = folder.assetcatalog; path = Assets.xcassets; sourceTree = "<group>"; };
		049589B92D74410F004BF4E0 /* Base */ = {isa = PBXFileReference; lastKnownFileType = file.storyboard; name = Base; path = Base.lproj/LaunchScreen.storyboard; sourceTree = "<group>"; };
		049589BB2D74410F004BF4E0 /* Info.plist */ = {isa = PBXFileReference; lastKnownFileType = text.plist.xml; path = Info.plist; sourceTree = "<group>"; };
		049589C32D744188004BF4E0 /* ContactsVC.swift */ = {isa = PBXFileReference; lastKnownFileType = sourcecode.swift; path = ContactsVC.swift; sourceTree = "<group>"; };
		049589C52D7441BE004BF4E0 /* FavoritesVC.swift */ = {isa = PBXFileReference; lastKnownFileType = sourcecode.swift; path = FavoritesVC.swift; sourceTree = "<group>"; };
		049589C92D74450E004BF4E0 /* Contact.swift */ = {isa = PBXFileReference; lastKnownFileType = sourcecode.swift; path = Contact.swift; sourceTree = "<group>"; };
		049589CC2D7445BF004BF4E0 /* NetworkManager.swift */ = {isa = PBXFileReference; lastKnownFileType = sourcecode.swift; path = NetworkManager.swift; sourceTree = "<group>"; };
		049589CE2D7455B4004BF4E0 /* AddContactVC.swift */ = {isa = PBXFileReference; lastKnownFileType = sourcecode.swift; path = AddContactVC.swift; sourceTree = "<group>"; };
/* End PBXFileReference section */

/* Begin PBXFrameworksBuildPhase section */
		049589A72D74410D004BF4E0 /* Frameworks */ = {
			isa = PBXFrameworksBuildPhase;
			buildActionMask = 2147483647;
			files = (
			);
			runOnlyForDeploymentPostprocessing = 0;
		};
/* End PBXFrameworksBuildPhase section */

/* Begin PBXGroup section */
		04447EDC2D74725D00550150 /* ContactsModule */ = {
			isa = PBXGroup;
			children = (
				049589CB2D74459F004BF4E0 /* Managers */,
				049589C22D744166004BF4E0 /* Model */,
				049589C12D744155004BF4E0 /* Controllers */,
			);
			path = ContactsModule;
			sourceTree = "<group>";
		};
		04447EDD2D7472A200550150 /* FavoritesModule */ = {
			isa = PBXGroup;
			children = (
				049589C52D7441BE004BF4E0 /* FavoritesVC.swift */,
			);
			path = FavoritesModule;
			sourceTree = "<group>";
		};
		04447EDE2D7472BB00550150 /* AddContactModule */ = {
			isa = PBXGroup;
			children = (
				049589CE2D7455B4004BF4E0 /* AddContactVC.swift */,
			);
			path = AddContactModule;
			sourceTree = "<group>";
		};
		049589A12D74410D004BF4E0 = {
			isa = PBXGroup;
			children = (
				049589AC2D74410D004BF4E0 /* Task1 */,
				049589AB2D74410D004BF4E0 /* Products */,
			);
			sourceTree = "<group>";
		};
		049589AB2D74410D004BF4E0 /* Products */ = {
			isa = PBXGroup;
			children = (
				049589AA2D74410D004BF4E0 /* Task1.app */,
			);
			name = Products;
			sourceTree = "<group>";
		};
		049589AC2D74410D004BF4E0 /* Task1 */ = {
			isa = PBXGroup;
			children = (
				04447EDE2D7472BB00550150 /* AddContactModule */,
				04447EDD2D7472A200550150 /* FavoritesModule */,
				04447EDC2D74725D00550150 /* ContactsModule */,
				049589D02D745CEB004BF4E0 /* Support */,
				049589B32D74410D004BF4E0 /* Main.storyboard */,
				049589BB2D74410F004BF4E0 /* Info.plist */,
			);
			path = Task1;
			sourceTree = "<group>";
		};
		049589C12D744155004BF4E0 /* Controllers */ = {
			isa = PBXGroup;
			children = (
				049589C32D744188004BF4E0 /* ContactsVC.swift */,
			);
			path = Controllers;
			sourceTree = "<group>";
		};
		049589C22D744166004BF4E0 /* Model */ = {
			isa = PBXGroup;
			children = (
				049589C92D74450E004BF4E0 /* Contact.swift */,
			);
			path = Model;
			sourceTree = "<group>";
		};
		049589CB2D74459F004BF4E0 /* Managers */ = {
			isa = PBXGroup;
			children = (
				049589CC2D7445BF004BF4E0 /* NetworkManager.swift */,
			);
			path = Managers;
			sourceTree = "<group>";
		};
		049589D02D745CEB004BF4E0 /* Support */ = {
			isa = PBXGroup;
			children = (
				049589B82D74410F004BF4E0 /* LaunchScreen.storyboard */,
				049589B62D74410F004BF4E0 /* Assets.xcassets */,
				049589AF2D74410D004BF4E0 /* SceneDelegate.swift */,
				049589AD2D74410D004BF4E0 /* AppDelegate.swift */,
			);
			path = Support;
			sourceTree = "<group>";
		};
/* End PBXGroup section */

/* Begin PBXNativeTarget section */
		049589A92D74410D004BF4E0 /* Task1 */ = {
			isa = PBXNativeTarget;
			buildConfigurationList = 049589BE2D74410F004BF4E0 /* Build configuration list for PBXNativeTarget "Task1" */;
			buildPhases = (
				049589A62D74410D004BF4E0 /* Sources */,
				049589A72D74410D004BF4E0 /* Frameworks */,
				049589A82D74410D004BF4E0 /* Resources */,
			);
			buildRules = (
			);
			dependencies = (
			);
			name = Task1;
			productName = Task1;
			productReference = 049589AA2D74410D004BF4E0 /* Task1.app */;
			productType = "com.apple.product-type.application";
		};
/* End PBXNativeTarget section */

/* Begin PBXProject section */
		049589A22D74410D004BF4E0 /* Project object */ = {
			isa = PBXProject;
			attributes = {
				BuildIndependentTargetsInParallel = 1;
				LastSwiftUpdateCheck = 1420;
				LastUpgradeCheck = 1420;
				TargetAttributes = {
					049589A92D74410D004BF4E0 = {
						CreatedOnToolsVersion = 14.2;
					};
				};
			};
			buildConfigurationList = 049589A52D74410D004BF4E0 /* Build configuration list for PBXProject "Task1" */;
			compatibilityVersion = "Xcode 14.0";
			developmentRegion = en;
			hasScannedForEncodings = 0;
			knownRegions = (
				en,
				Base,
			);
			mainGroup = 049589A12D74410D004BF4E0;
			productRefGroup = 049589AB2D74410D004BF4E0 /* Products */;
			projectDirPath = "";
			projectRoot = "";
			targets = (
				049589A92D74410D004BF4E0 /* Task1 */,
			);
		};
/* End PBXProject section */

/* Begin PBXResourcesBuildPhase section */
		049589A82D74410D004BF4E0 /* Resources */ = {
			isa = PBXResourcesBuildPhase;
			buildActionMask = 2147483647;
			files = (
				049589BA2D74410F004BF4E0 /* LaunchScreen.storyboard in Resources */,
				049589B72D74410F004BF4E0 /* Assets.xcassets in Resources */,
				049589B52D74410D004BF4E0 /* Main.storyboard in Resources */,
			);
			runOnlyForDeploymentPostprocessing = 0;
		};
/* End PBXResourcesBuildPhase section */

/* Begin PBXSourcesBuildPhase section */
		049589A62D74410D004BF4E0 /* Sources */ = {
			isa = PBXSourcesBuildPhase;
			buildActionMask = 2147483647;
			files = (
				049589CA2D74450E004BF4E0 /* Contact.swift in Sources */,
				049589C62D7441BE004BF4E0 /* FavoritesVC.swift in Sources */,
				049589CF2D7455B4004BF4E0 /* AddContactVC.swift in Sources */,
				049589CD2D7445BF004BF4E0 /* NetworkManager.swift in Sources */,
				049589AE2D74410D004BF4E0 /* AppDelegate.swift in Sources */,
				049589B02D74410D004BF4E0 /* SceneDelegate.swift in Sources */,
				049589C42D744188004BF4E0 /* ContactsVC.swift in Sources */,
			);
			runOnlyForDeploymentPostprocessing = 0;
		};
/* End PBXSourcesBuildPhase section */

/* Begin PBXVariantGroup section */
		049589B32D74410D004BF4E0 /* Main.storyboard */ = {
			isa = PBXVariantGroup;
			children = (
				049589B42D74410D004BF4E0 /* Base */,
			);
			name = Main.storyboard;
			sourceTree = "<group>";
		};
		049589B82D74410F004BF4E0 /* LaunchScreen.storyboard */ = {
			isa = PBXVariantGroup;
			children = (
				049589B92D74410F004BF4E0 /* Base */,
			);
			name = LaunchScreen.storyboard;
			sourceTree = "<group>";
		};
/* End PBXVariantGroup section */

/* Begin XCBuildConfiguration section */
		049589BC2D74410F004BF4E0 /* Debug */ = {
			isa = XCBuildConfiguration;
			buildSettings = {
				ALWAYS_SEARCH_USER_PATHS = NO;
				CLANG_ANALYZER_NONNULL = YES;
				CLANG_ANALYZER_NUMBER_OBJECT_CONVERSION = YES_AGGRESSIVE;
				CLANG_CXX_LANGUAGE_STANDARD = "gnu++20";
				CLANG_ENABLE_MODULES = YES;
				CLANG_ENABLE_OBJC_ARC = YES;
				CLANG_ENABLE_OBJC_WEAK = YES;
				CLANG_WARN_BLOCK_CAPTURE_AUTORELEASING = YES;
				CLANG_WARN_BOOL_CONVERSION = YES;
				CLANG_WARN_COMMA = YES;
				CLANG_WARN_CONSTANT_CONVERSION = YES;
				CLANG_WARN_DEPRECATED_OBJC_IMPLEMENTATIONS = YES;
				CLANG_WARN_DIRECT_OBJC_ISA_USAGE = YES_ERROR;
				CLANG_WARN_DOCUMENTATION_COMMENTS = YES;
				CLANG_WARN_EMPTY_BODY = YES;
				CLANG_WARN_ENUM_CONVERSION = YES;
				CLANG_WARN_INFINITE_RECURSION = YES;
				CLANG_WARN_INT_CONVERSION = YES;
				CLANG_WARN_NON_LITERAL_NULL_CONVERSION = YES;
				CLANG_WARN_OBJC_IMPLICIT_RETAIN_SELF = YES;
				CLANG_WARN_OBJC_LITERAL_CONVERSION = YES;
				CLANG_WARN_OBJC_ROOT_CLASS = YES_ERROR;
				CLANG_WARN_QUOTED_INCLUDE_IN_FRAMEWORK_HEADER = YES;
				CLANG_WARN_RANGE_LOOP_ANALYSIS = YES;
				CLANG_WARN_STRICT_PROTOTYPES = YES;
				CLANG_WARN_SUSPICIOUS_MOVE = YES;
				CLANG_WARN_UNGUARDED_AVAILABILITY = YES_AGGRESSIVE;
				CLANG_WARN_UNREACHABLE_CODE = YES;
				CLANG_WARN__DUPLICATE_METHOD_MATCH = YES;
				COPY_PHASE_STRIP = NO;
				DEBUG_INFORMATION_FORMAT = dwarf;
				ENABLE_STRICT_OBJC_MSGSEND = YES;
				ENABLE_TESTABILITY = YES;
				GCC_C_LANGUAGE_STANDARD = gnu11;
				GCC_DYNAMIC_NO_PIC = NO;
				GCC_NO_COMMON_BLOCKS = YES;
				GCC_OPTIMIZATION_LEVEL = 0;
				GCC_PREPROCESSOR_DEFINITIONS = (
					"DEBUG=1",
					"$(inherited)",
				);
				GCC_WARN_64_TO_32_BIT_CONVERSION = YES;
				GCC_WARN_ABOUT_RETURN_TYPE = YES_ERROR;
				GCC_WARN_UNDECLARED_SELECTOR = YES;
				GCC_WARN_UNINITIALIZED_AUTOS = YES_AGGRESSIVE;
				GCC_WARN_UNUSED_FUNCTION = YES;
				GCC_WARN_UNUSED_VARIABLE = YES;
				IPHONEOS_DEPLOYMENT_TARGET = 16.2;
				MTL_ENABLE_DEBUG_INFO = INCLUDE_SOURCE;
				MTL_FAST_MATH = YES;
				ONLY_ACTIVE_ARCH = YES;
				SDKROOT = iphoneos;
				SWIFT_ACTIVE_COMPILATION_CONDITIONS = DEBUG;
				SWIFT_OPTIMIZATION_LEVEL = "-Onone";
			};
			name = Debug;
		};
		049589BD2D74410F004BF4E0 /* Release */ = {
			isa = XCBuildConfiguration;
			buildSettings = {
				ALWAYS_SEARCH_USER_PATHS = NO;
				CLANG_ANALYZER_NONNULL = YES;
				CLANG_ANALYZER_NUMBER_OBJECT_CONVERSION = YES_AGGRESSIVE;
				CLANG_CXX_LANGUAGE_STANDARD = "gnu++20";
				CLANG_ENABLE_MODULES = YES;
				CLANG_ENABLE_OBJC_ARC = YES;
				CLANG_ENABLE_OBJC_WEAK = YES;
				CLANG_WARN_BLOCK_CAPTURE_AUTORELEASING = YES;
				CLANG_WARN_BOOL_CONVERSION = YES;
				CLANG_WARN_COMMA = YES;
				CLANG_WARN_CONSTANT_CONVERSION = YES;
				CLANG_WARN_DEPRECATED_OBJC_IMPLEMENTATIONS = YES;
				CLANG_WARN_DIRECT_OBJC_ISA_USAGE = YES_ERROR;
				CLANG_WARN_DOCUMENTATION_COMMENTS = YES;
				CLANG_WARN_EMPTY_BODY = YES;
				CLANG_WARN_ENUM_CONVERSION = YES;
				CLANG_WARN_INFINITE_RECURSION = YES;
				CLANG_WARN_INT_CONVERSION = YES;
				CLANG_WARN_NON_LITERAL_NULL_CONVERSION = YES;
				CLANG_WARN_OBJC_IMPLICIT_RETAIN_SELF = YES;
				CLANG_WARN_OBJC_LITERAL_CONVERSION = YES;
				CLANG_WARN_OBJC_ROOT_CLASS = YES_ERROR;
				CLANG_WARN_QUOTED_INCLUDE_IN_FRAMEWORK_HEADER = YES;
				CLANG_WARN_RANGE_LOOP_ANALYSIS = YES;
				CLANG_WARN_STRICT_PROTOTYPES = YES;
				CLANG_WARN_SUSPICIOUS_MOVE = YES;
				CLANG_WARN_UNGUARDED_AVAILABILITY = YES_AGGRESSIVE;
				CLANG_WARN_UNREACHABLE_CODE = YES;
				CLANG_WARN__DUPLICATE_METHOD_MATCH = YES;
				COPY_PHASE_STRIP = NO;
				DEBUG_INFORMATION_FORMAT = "dwarf-with-dsym";
				ENABLE_NS_ASSERTIONS = NO;
				ENABLE_STRICT_OBJC_MSGSEND = YES;
				GCC_C_LANGUAGE_STANDARD = gnu11;
				GCC_NO_COMMON_BLOCKS = YES;
				GCC_WARN_64_TO_32_BIT_CONVERSION = YES;
				GCC_WARN_ABOUT_RETURN_TYPE = YES_ERROR;
				GCC_WARN_UNDECLARED_SELECTOR = YES;
				GCC_WARN_UNINITIALIZED_AUTOS = YES_AGGRESSIVE;
				GCC_WARN_UNUSED_FUNCTION = YES;
				GCC_WARN_UNUSED_VARIABLE = YES;
				IPHONEOS_DEPLOYMENT_TARGET = 16.2;
				MTL_ENABLE_DEBUG_INFO = NO;
				MTL_FAST_MATH = YES;
				SDKROOT = iphoneos;
				SWIFT_COMPILATION_MODE = wholemodule;
				SWIFT_OPTIMIZATION_LEVEL = "-O";
				VALIDATE_PRODUCT = YES;
			};
			name = Release;
		};
		049589BF2D74410F004BF4E0 /* Debug */ = {
			isa = XCBuildConfiguration;
			buildSettings = {
				ASSETCATALOG_COMPILER_APPICON_NAME = AppIcon;
				ASSETCATALOG_COMPILER_GLOBAL_ACCENT_COLOR_NAME = AccentColor;
				CODE_SIGN_STYLE = Automatic;
				CURRENT_PROJECT_VERSION = 1;
				GENERATE_INFOPLIST_FILE = YES;
				INFOPLIST_FILE = Task1/Info.plist;
				INFOPLIST_KEY_UIApplicationSupportsIndirectInputEvents = YES;
				INFOPLIST_KEY_UILaunchStoryboardName = LaunchScreen;
				INFOPLIST_KEY_UIMainStoryboardFile = Main;
				INFOPLIST_KEY_UISupportedInterfaceOrientations = UIInterfaceOrientationPortrait;
				INFOPLIST_KEY_UISupportedInterfaceOrientations_iPad = "UIInterfaceOrientationLandscapeLeft UIInterfaceOrientationLandscapeRight UIInterfaceOrientationPortrait UIInterfaceOrientationPortraitUpsideDown";
				IPHONEOS_DEPLOYMENT_TARGET = 16.0;
				LD_RUNPATH_SEARCH_PATHS = (
					"$(inherited)",
					"@executable_path/Frameworks",
				);
				MARKETING_VERSION = 1.0;
				PRODUCT_BUNDLE_IDENTIFIER = com.basantsalama.Task1;
				PRODUCT_NAME = "$(TARGET_NAME)";
				SUPPORTED_PLATFORMS = "iphoneos iphonesimulator";
				SUPPORTS_MACCATALYST = NO;
				SUPPORTS_MAC_DESIGNED_FOR_IPHONE_IPAD = NO;
				SWIFT_EMIT_LOC_STRINGS = YES;
				SWIFT_VERSION = 5.0;
				TARGETED_DEVICE_FAMILY = 1;
			};
			name = Debug;
		};
		049589C02D74410F004BF4E0 /* Release */ = {
			isa = XCBuildConfiguration;
			buildSettings = {
				ASSETCATALOG_COMPILER_APPICON_NAME = AppIcon;
				ASSETCATALOG_COMPILER_GLOBAL_ACCENT_COLOR_NAME = AccentColor;
				CODE_SIGN_STYLE = Automatic;
				CURRENT_PROJECT_VERSION = 1;
				GENERATE_INFOPLIST_FILE = YES;
				INFOPLIST_FILE = Task1/Info.plist;
				INFOPLIST_KEY_UIApplicationSupportsIndirectInputEvents = YES;
				INFOPLIST_KEY_UILaunchStoryboardName = LaunchScreen;
				INFOPLIST_KEY_UIMainStoryboardFile = Main;
				INFOPLIST_KEY_UISupportedInterfaceOrientations = UIInterfaceOrientationPortrait;
				INFOPLIST_KEY_UISupportedInterfaceOrientations_iPad = "UIInterfaceOrientationLandscapeLeft UIInterfaceOrientationLandscapeRight UIInterfaceOrientationPortrait UIInterfaceOrientationPortraitUpsideDown";
				IPHONEOS_DEPLOYMENT_TARGET = 16.0;
				LD_RUNPATH_SEARCH_PATHS = (
					"$(inherited)",
					"@executable_path/Frameworks",
				);
				MARKETING_VERSION = 1.0;
				PRODUCT_BUNDLE_IDENTIFIER = com.basantsalama.Task1;
				PRODUCT_NAME = "$(TARGET_NAME)";
				SUPPORTED_PLATFORMS = "iphoneos iphonesimulator";
				SUPPORTS_MACCATALYST = NO;
				SUPPORTS_MAC_DESIGNED_FOR_IPHONE_IPAD = NO;
				SWIFT_EMIT_LOC_STRINGS = YES;
				SWIFT_VERSION = 5.0;
				TARGETED_DEVICE_FAMILY = 1;
			};
			name = Release;
		};
/* End XCBuildConfiguration section */

/* Begin XCConfigurationList section */
		049589A52D74410D004BF4E0 /* Build configuration list for PBXProject "Task1" */ = {
			isa = XCConfigurationList;
			buildConfigurations = (
				049589BC2D74410F004BF4E0 /* Debug */,
				049589BD2D74410F004BF4E0 /* Release */,
			);
			defaultConfigurationIsVisible = 0;
			defaultConfigurationName = Release;
		};
		049589BE2D74410F004BF4E0 /* Build configuration list for PBXNativeTarget "Task1" */ = {
			isa = XCConfigurationList;
			buildConfigurations = (
				049589BF2D74410F004BF4E0 /* Debug */,
				049589C02D74410F004BF4E0 /* Release */,
			);
			defaultConfigurationIsVisible = 0;
			defaultConfigurationName = Release;
		};
/* End XCConfigurationList section */
	};
	rootObject = 049589A22D74410D004BF4E0 /* Project object */;
}
